
Microsoft Visual Studio Solution File, Format Version 12.00
# Visual Studio Version 17
VisualStudioVersion = 17.11.35312.102
MinimumVisualStudioVersion = 10.0.40219.1
Project("{FAE04EC0-301F-11D3-BF4B-00C04F79EFBC}") = "LibraryManagingSystem_ConsoleApp", "LibraryManagingSystem_ConsoleApp\LibraryManagingSystem_ConsoleApp.csproj", "{211EE1BC-83A0-4600-B232-5435535929DC}"
EndProject
Global
	GlobalSection(SolutionConfigurationPlatforms) = preSolution
		Debug|Any CPU = Debug|Any CPU
		Release|Any CPU = Release|Any CPU
	EndGlobalSection
	GlobalSection(ProjectConfigurationPlatforms) = postSolution
		{211EE1BC-83A0-4600-B232-5435535929DC}.Debug|Any CPU.ActiveCfg = Debug|Any CPU
		{211EE1BC-83A0-4600-B232-5435535929DC}.Debug|Any CPU.Build.0 = Debug|Any CPU
		{211EE1BC-83A0-4600-B232-5435535929DC}.Release|Any CPU.ActiveCfg = Release|Any CPU
		{211EE1BC-83A0-4600-B232-5435535929DC}.Release|Any CPU.Build.0 = Release|Any CPU
	EndGlobalSection
	GlobalSection(SolutionProperties) = preSolution
		HideSolutionNode = FALSE
	EndGlobalSection
	GlobalSection(ExtensibilityGlobals) = postSolution
		SolutionGuid = {84FBAFF4-E6A4-492F-A7E3-D52EE73C968B}
	EndGlobalSection
EndGlobal
