
Microsoft Visual Studio Solution File, Format Version 12.00
# Visual Studio Version 17
VisualStudioVersion = 17.11.35312.102
MinimumVisualStudioVersion = 10.0.40219.1
Project("{FAE04EC0-301F-11D3-BF4B-00C04F79EFBC}") = "StudentsManagementSystem_ConsoleApp", "StudentsManagementSystem_ConsoleApp\StudentsManagementSystem_ConsoleApp.csproj", "{0B0A740C-4320-4690-8A76-F58AC516F1A3}"
EndProject
Global
	GlobalSection(SolutionConfigurationPlatforms) = preSolution
		Debug|Any CPU = Debug|Any CPU
		Release|Any CPU = Release|Any CPU
	EndGlobalSection
	GlobalSection(ProjectConfigurationPlatforms) = postSolution
		{0B0A740C-4320-4690-8A76-F58AC516F1A3}.Debug|Any CPU.ActiveCfg = Debug|Any CPU
		{0B0A740C-4320-4690-8A76-F58AC516F1A3}.Debug|Any CPU.Build.0 = Debug|Any CPU
		{0B0A740C-4320-4690-8A76-F58AC516F1A3}.Release|Any CPU.ActiveCfg = Release|Any CPU
		{0B0A740C-4320-4690-8A76-F58AC516F1A3}.Release|Any CPU.Build.0 = Release|Any CPU
	EndGlobalSection
	GlobalSection(SolutionProperties) = preSolution
		HideSolutionNode = FALSE
	EndGlobalSection
	GlobalSection(ExtensibilityGlobals) = postSolution
		SolutionGuid = {3090FBEF-9D1D-4339-BAE9-44F4E90D9AD8}
	EndGlobalSection
EndGlobal
